
Microsoft Visual Studio Solution File, Format Version 12.00
# Visual Studio Version 17
VisualStudioVersion = 17.13.35919.96 d17.13
MinimumVisualStudioVersion = 10.0.40219.1
Project("{FAE04EC0-301F-11D3-BF4B-00C04F79EFBC}") = "Radioc", "Radioc.csproj", "{0D3C4480-6F68-478B-BBD3-1501CDFC45C2}"
EndProject
Global
	GlobalSection(SolutionConfigurationPlatforms) = preSolution
		Debug|Any CPU = Debug|Any CPU
		Release|Any CPU = Release|Any CPU
	EndGlobalSection
	GlobalSection(ProjectConfigurationPlatforms) = postSolution
		{0D3C4480-6F68-478B-BBD3-1501CDFC45C2}.Debug|Any CPU.ActiveCfg = Debug|Any CPU
		{0D3C4480-6F68-478B-BBD3-1501CDFC45C2}.Debug|Any CPU.Build.0 = Debug|Any CPU
		{0D3C4480-6F68-478B-BBD3-1501CDFC45C2}.Release|Any CPU.ActiveCfg = Release|Any CPU
		{0D3C4480-6F68-478B-BBD3-1501CDFC45C2}.Release|Any CPU.Build.0 = Release|Any CPU
	EndGlobalSection
	GlobalSection(SolutionProperties) = preSolution
		HideSolutionNode = FALSE
	EndGlobalSection
	GlobalSection(ExtensibilityGlobals) = postSolution
		SolutionGuid = {39DA20D7-0A7A-49CA-AE0B-60395593D19A}
	EndGlobalSection
EndGlobal
